# THIS IS AN AUTOGENERATED FILE. DO NOT EDIT THIS FILE DIRECTLY.
# yarn lockfile v1


cookie-js@^0.0.1:
  version "0.0.1"
  resolved "https://registry.yarnpkg.com/cookie-js/-/cookie-js-0.0.1.tgz#4397976bbfabe74fa0d091cb0aa46c3ce9b7d2ac"
  integrity sha512-14dvbw7fMODfzOLZ/xz/qfp3nDZ+DYSZqxQbKWAbqTubLpxV5EE847iJQzExqphF4lkj/eoytfhoeW7RQsP9oA==
